<?xml version="1.0" encoding="UTF-8" standalone="yes" ?>
<CodeBlocks_project_file>
	<FileVersion major="1" minor="6" />
	<Project>
		<Option title="Tester" />
		<Option pch_mode="2" />
		<Option compiler="gcc" />
		<Build>
			<Target title="Debug">
				<Option output="bin/Debug/Tester" prefix_auto="1" extension_auto="1" />
				<Option object_output="obj/Debug/" />
				<Option type="1" />
				<Option compiler="gcc" />
				<Compiler>
					<Add option="-std=c++0x" />
					<Add option="-g" />
					<Add directory="../SFML-2.0/" />
				</Compiler>
				<Linker>
					<Add library="../SFML-2.0/lib/libsfml-audio-d.so" />
					<Add library="../SFML-2.0/lib/libsfml-graphics-d.so" />
					<Add library="../SFML-2.0/lib/libsfml-window-d.so" />
					<Add library="../SFML-2.0/lib/libsfml-system-d.so" />
					<Add directory="../SFML-2.0/lib" />
				</Linker>
			</Target>
			<Target title="Release">
				<Option output="bin/Release/Tester" prefix_auto="1" extension_auto="1" />
				<Option object_output="obj/Release/" />
				<Option type="0" />
				<Option compiler="gcc" />
				<Compiler>
					<Add option="-O3" />
					<Add directory="../SFML-2.0/" />
				</Compiler>
				<Linker>
					<Add option="-s" />
					<Add library="../SFML-2.0/lib/libsfml-audio.so" />
					<Add library="../SFML-2.0/lib/libsfml-graphics.so" />
					<Add library="../SFML-2.0/lib/libsfml-window.so" />
					<Add library="../SFML-2.0/lib/libsfml-system.so" />
					<Add directory="../SFML-2.0/lib" />
				</Linker>
			</Target>
		</Build>
		<Compiler>
			<Add option="-Wall" />
			<Add directory="C:/SFML-2.0/include" />
		</Compiler>
		<Linker>
			<Add directory="C:/SFML-2.0/lib" />
		</Linker>
		<Unit filename="about.cpp" />
		<Unit filename="economy.cpp" />
		<Unit filename="globals.hpp" />
		<Unit filename="icon.hpp" />
		<Unit filename="load.cpp" />
		<Unit filename="main.cpp" />
		<Unit filename="n2s.cpp" />
		<Unit filename="product.cpp" />
		<Unit filename="recipe.cpp" />
		<Unit filename="save.cpp" />
		<Extensions>
			<code_completion />
			<debugger />
		</Extensions>
	</Project>
</CodeBlocks_project_file>
